{
  "name": "server",
  "lockfileVersion": 3,
  "requires": true,
  "packages": {
    "": {
      "dependencies": {
        "server": "file:.."
      }
    },
    "..": {
      "version": "1.0.0",
      "license": "ISC",
      "dependencies": {
        "@types/dotenv": "^8.2.0",
        "@types/express": "^4.17.17",
        "dotenv": "^16.0.3",
        "express": "^4.18.2",
        "mysql2": "^3.2.4"
      },
      "devDependencies": {
        "@types/jest": "^29.5.0",
        "@types/node": "^18.15.3",
        "@types/supertest": "^2.0.12",
        "jest": "^29.5.0",
        "nodemon": "^2.0.21",
        "supertest": "^6.3.3",
        "ts-node": "^10.9.1"
      }
    },
    "node_modules/server": {
      "resolved": "..",
      "link": true
    }
  }
}
